# This file is automatically @generated by Cargo.
# It is not intended for manual editing.
[[package]]
name = "add-two-numbers"
version = "0.1.0"
dependencies = [
 "utils 0.1.0",
]

[[package]]
name = "container-with-most-water"
version = "0.1.0"

[[package]]
name = "letter-combinations-of-a-phone-number"
version = "0.1.0"

[[package]]
name = "longest-palindromic-substring"
version = "0.1.0"

[[package]]
name = "longest-substring-without-repeating-characters"
version = "0.1.0"

[[package]]
name = "three-sum"
version = "0.1.0"

[[package]]
name = "utils"
version = "0.1.0"

