# This file is automatically @generated by Cargo.
# It is not intended for manual editing.
[[package]]
name = "add-two-numbers"
version = "0.1.0"
dependencies = [
 "utils 0.1.0",
]

[[package]]
name = "combination-sum"
version = "0.1.0"

[[package]]
name = "combinations"
version = "0.1.0"

[[package]]
name = "container-with-most-water"
version = "0.1.0"

[[package]]
name = "decode-ways"
version = "0.1.0"

[[package]]
name = "find-first-and-last-position-of-element-in-sorted-array"
version = "0.1.0"

[[package]]
name = "generate-parentheses"
version = "0.1.0"

[[package]]
name = "gray-code"
version = "0.1.0"

[[package]]
name = "group-anagrams"
version = "0.1.0"

[[package]]
name = "jump-game"
version = "0.1.0"

[[package]]
name = "letter-combinations-of-a-phone-number"
version = "0.1.0"

[[package]]
name = "longest-palindromic-substring"
version = "0.1.0"

[[package]]
name = "longest-substring-without-repeating-characters"
version = "0.1.0"

[[package]]
name = "lru-cache"
version = "0.1.0"

[[package]]
name = "merge-intervals"
version = "0.1.0"

[[package]]
name = "minimum-path-sum"
version = "0.1.0"

[[package]]
name = "multiply-strings"
version = "0.1.0"

[[package]]
name = "next-permutation"
version = "0.1.0"

[[package]]
name = "partition-list"
version = "0.1.0"
dependencies = [
 "utils 0.1.0",
]

[[package]]
name = "permutation-sequence"
version = "0.1.0"

[[package]]
name = "permutations"
version = "0.1.0"

[[package]]
name = "permutations-ii"
version = "0.1.0"

[[package]]
name = "powx-n"
version = "0.1.0"

[[package]]
name = "remove-duplicates-from-sorted-array-ii"
version = "0.1.0"

[[package]]
name = "remove-duplicates-from-sorted-list-ii"
version = "0.1.0"
dependencies = [
 "utils 0.1.0",
]

[[package]]
name = "remove-nth-node-from-end-of-list"
version = "0.1.0"
dependencies = [
 "utils 0.1.0",
]

[[package]]
name = "restore-ip-addresses"
version = "0.1.0"

[[package]]
name = "reverse-linked-list-ii"
version = "0.1.0"
dependencies = [
 "utils 0.1.0",
]

[[package]]
name = "rotate-image"
version = "0.1.0"

[[package]]
name = "rotate-list"
version = "0.1.0"
dependencies = [
 "utils 0.1.0",
]

[[package]]
name = "search-a-2d-matrix"
version = "0.1.0"

[[package]]
name = "search-in-rotated-sorted-array"
version = "0.1.0"

[[package]]
name = "search-in-rotated-sorted-array-ii"
version = "0.1.0"

[[package]]
name = "set-matrix-zeroes"
version = "0.1.0"

[[package]]
name = "simplify-path"
version = "0.1.0"

[[package]]
name = "sort-colors"
version = "0.1.0"

[[package]]
name = "spiral-matrix"
version = "0.1.0"

[[package]]
name = "spiral-matrix-ii"
version = "0.1.0"

[[package]]
name = "subsets"
version = "0.1.0"

[[package]]
name = "subsets-ii"
version = "0.1.0"

[[package]]
name = "three-sum"
version = "0.1.0"

[[package]]
name = "unique-paths"
version = "0.1.0"

[[package]]
name = "unique-paths-ii"
version = "0.1.0"

[[package]]
name = "utils"
version = "0.1.0"

[[package]]
name = "word-search"
version = "0.1.0"

